{
  "name": "front-end-library",
  "lockfileVersion": 2,
  "requires": true,
  "packages": {
    "": {
      "dependencies": {
        "bootstrap": "^4.6.2",
        "primeng": "^14.0.1"
      }
    },
    "node_modules/@angular/common": {
      "version": "14.1.3",
      "resolved": "https://registry.npmjs.org/@angular/common/-/common-14.1.3.tgz",
      "integrity": "sha512-t5zidNLcQrgrShBFFsEhvJ6yKw5jwv/Td/AQrknQzrAz3kVBH4dOZGC5jolasFipy/P1DNoG2K+igPCGeskc4w==",
      "peer": true,
      "dependencies": {
        "tslib": "^2.3.0"
      },
      "engines": {
        "node": "^14.15.0 || >=16.10.0"
      },
      "peerDependencies": {
        "@angular/core": "14.1.3",
        "rxjs": "^6.5.3 || ^7.4.0"
      }
    },
    "node_modules/@angular/core": {
      "version": "14.1.3",
      "resolved": "https://registry.npmjs.org/@angular/core/-/core-14.1.3.tgz",
      "integrity": "sha512-V3OJD4cShjLzyJAWQ1ogSW0WhKJwti5zsoT1SQ2RoA5UScBPzZN/F/0n/4IupHeaIC+NfaLX916xKTGWA8G8SQ==",
      "peer": true,
      "dependencies": {
        "tslib": "^2.3.0"
      },
      "engines": {
        "node": "^14.15.0 || >=16.10.0"
      },
      "peerDependencies": {
        "rxjs": "^6.5.3 || ^7.4.0",
        "zone.js": "~0.11.4"
      }
    },
    "node_modules/@angular/forms": {
      "version": "14.1.3",
      "resolved": "https://registry.npmjs.org/@angular/forms/-/forms-14.1.3.tgz",
      "integrity": "sha512-gCN3my9KRp6BLlBGh4uw8NukUPKCl+quroMO2lkvsodF0MA42uhKHO+EImrpLxNMK7lfENIERwthb4mh4G4cFQ==",
      "peer": true,
      "dependencies": {
        "tslib": "^2.3.0"
      },
      "engines": {
        "node": "^14.15.0 || >=16.10.0"
      },
      "peerDependencies": {
        "@angular/common": "14.1.3",
        "@angular/core": "14.1.3",
        "@angular/platform-browser": "14.1.3",
        "rxjs": "^6.5.3 || ^7.4.0"
      }
    },
    "node_modules/@angular/platform-browser": {
      "version": "14.1.3",
      "resolved": "https://registry.npmjs.org/@angular/platform-browser/-/platform-browser-14.1.3.tgz",
      "integrity": "sha512-baEHBj2pCrz5XR9KCb2FaAChWsRrxl9yapDZFNpApucN/OlQpBDVA9UDDvaYeD3PsI8nVL3B6danKUloamd+pw==",
      "peer": true,
      "dependencies": {
        "tslib": "^2.3.0"
      },
      "engines": {
        "node": "^14.15.0 || >=16.10.0"
      },
      "peerDependencies": {
        "@angular/animations": "14.1.3",
        "@angular/common": "14.1.3",
        "@angular/core": "14.1.3"
      },
      "peerDependenciesMeta": {
        "@angular/animations": {
          "optional": true
        }
      }
    },
    "node_modules/bootstrap": {
      "version": "4.6.2",
      "resolved": "https://registry.npmjs.org/bootstrap/-/bootstrap-4.6.2.tgz",
      "integrity": "sha512-51Bbp/Uxr9aTuy6ca/8FbFloBUJZLHwnhTcnjIeRn2suQWsWzcuJhGjKDB5eppVte/8oCdOL3VuwxvZDUggwGQ==",
      "funding": [
        {
          "type": "github",
          "url": "https://github.com/sponsors/twbs"
        },
        {
          "type": "opencollective",
          "url": "https://opencollective.com/bootstrap"
        }
      ],
      "peerDependencies": {
        "jquery": "1.9.1 - 3",
        "popper.js": "^1.16.1"
      }
    },
    "node_modules/jquery": {
      "version": "3.6.0",
      "resolved": "https://registry.npmjs.org/jquery/-/jquery-3.6.0.tgz",
      "integrity": "sha512-JVzAR/AjBvVt2BmYhxRCSYysDsPcssdmTFnzyLEts9qNwmjmu4JTAMYubEfwVOSwpQ1I1sKKFcxhZCI2buerfw==",
      "peer": true
    },
    "node_modules/popper.js": {
      "version": "1.16.1",
      "resolved": "https://registry.npmjs.org/popper.js/-/popper.js-1.16.1.tgz",
      "integrity": "sha512-Wb4p1J4zyFTbM+u6WuO4XstYx4Ky9Cewe4DWrel7B0w6VVICvPwdOpotjzcf6eD8TsckVnIMNONQyPIUFOUbCQ==",
      "deprecated": "You can find the new Popper v2 at @popperjs/core, this package is dedicated to the legacy v1",
      "peer": true,
      "funding": {
        "type": "opencollective",
        "url": "https://opencollective.com/popperjs"
      }
    },
    "node_modules/primeicons": {
      "version": "5.0.0",
      "resolved": "https://registry.npmjs.org/primeicons/-/primeicons-5.0.0.tgz",
      "integrity": "sha512-heygWF0X5HFI1otlZE62pp6ye7sZ8om78J9au2BRkg8O7Y8AHTZ9qKMRzchZUHLe8zUAvdi6hZzzm9XxgwIExw==",
      "peer": true
    },
    "node_modules/primeng": {
      "version": "14.0.1",
      "resolved": "https://registry.npmjs.org/primeng/-/primeng-14.0.1.tgz",
      "integrity": "sha512-FdSF+ySmBV3UsF/BqxVlfCW0U+3IYSG1QHx8W3YFOTY9vOiG6y29s8L4WUdiLjk45fUVVq0D82jnFbcgHKtc+Q==",
      "dependencies": {
        "tslib": "^2.3.0"
      },
      "peerDependencies": {
        "@angular/common": "^14.0.0",
        "@angular/core": "^14.0.0",
        "@angular/forms": "^14.0.0",
        "primeicons": "^5.0.0",
        "rxjs": "^6.0.0 || ^7.0.0",
        "zone.js": "^0.10.2 || ^0.11.0"
      }
    },
    "node_modules/rxjs": {
      "version": "7.5.6",
      "resolved": "https://registry.npmjs.org/rxjs/-/rxjs-7.5.6.tgz",
      "integrity": "sha512-dnyv2/YsXhnm461G+R/Pe5bWP41Nm6LBXEYWI6eiFP4fiwx6WRI/CD0zbdVAudd9xwLEF2IDcKXLHit0FYjUzw==",
      "peer": true,
      "dependencies": {
        "tslib": "^2.1.0"
      }
    },
    "node_modules/tslib": {
      "version": "2.4.0",
      "resolved": "https://registry.npmjs.org/tslib/-/tslib-2.4.0.tgz",
      "integrity": "sha512-d6xOpEDfsi2CZVlPQzGeux8XMwLT9hssAsaPYExaQMuYskwb+x1x7J371tWlbBdWHroy99KnVB6qIkUbs5X3UQ=="
    },
    "node_modules/zone.js": {
      "version": "0.11.8",
      "resolved": "https://registry.npmjs.org/zone.js/-/zone.js-0.11.8.tgz",
      "integrity": "sha512-82bctBg2hKcEJ21humWIkXRlLBBmrc3nN7DFh5LGGhcyycO2S7FN8NmdvlcKaGFDNVL4/9kFLmwmInTavdJERA==",
      "peer": true,
      "dependencies": {
        "tslib": "^2.3.0"
      }
    }
  },
  "dependencies": {
    "@angular/common": {
      "version": "14.1.3",
      "resolved": "https://registry.npmjs.org/@angular/common/-/common-14.1.3.tgz",
      "integrity": "sha512-t5zidNLcQrgrShBFFsEhvJ6yKw5jwv/Td/AQrknQzrAz3kVBH4dOZGC5jolasFipy/P1DNoG2K+igPCGeskc4w==",
      "peer": true,
      "requires": {
        "tslib": "^2.3.0"
      }
    },
    "@angular/core": {
      "version": "14.1.3",
      "resolved": "https://registry.npmjs.org/@angular/core/-/core-14.1.3.tgz",
      "integrity": "sha512-V3OJD4cShjLzyJAWQ1ogSW0WhKJwti5zsoT1SQ2RoA5UScBPzZN/F/0n/4IupHeaIC+NfaLX916xKTGWA8G8SQ==",
      "peer": true,
      "requires": {
        "tslib": "^2.3.0"
      }
    },
    "@angular/forms": {
      "version": "14.1.3",
      "resolved": "https://registry.npmjs.org/@angular/forms/-/forms-14.1.3.tgz",
      "integrity": "sha512-gCN3my9KRp6BLlBGh4uw8NukUPKCl+quroMO2lkvsodF0MA42uhKHO+EImrpLxNMK7lfENIERwthb4mh4G4cFQ==",
      "peer": true,
      "requires": {
        "tslib": "^2.3.0"
      }
    },
    "@angular/platform-browser": {
      "version": "14.1.3",
      "resolved": "https://registry.npmjs.org/@angular/platform-browser/-/platform-browser-14.1.3.tgz",
      "integrity": "sha512-baEHBj2pCrz5XR9KCb2FaAChWsRrxl9yapDZFNpApucN/OlQpBDVA9UDDvaYeD3PsI8nVL3B6danKUloamd+pw==",
      "peer": true,
      "requires": {
        "tslib": "^2.3.0"
      }
    },
    "bootstrap": {
      "version": "4.6.2",
      "resolved": "https://registry.npmjs.org/bootstrap/-/bootstrap-4.6.2.tgz",
      "integrity": "sha512-51Bbp/Uxr9aTuy6ca/8FbFloBUJZLHwnhTcnjIeRn2suQWsWzcuJhGjKDB5eppVte/8oCdOL3VuwxvZDUggwGQ==",
      "requires": {}
    },
    "jquery": {
      "version": "3.6.0",
      "resolved": "https://registry.npmjs.org/jquery/-/jquery-3.6.0.tgz",
      "integrity": "sha512-JVzAR/AjBvVt2BmYhxRCSYysDsPcssdmTFnzyLEts9qNwmjmu4JTAMYubEfwVOSwpQ1I1sKKFcxhZCI2buerfw==",
      "peer": true
    },
    "popper.js": {
      "version": "1.16.1",
      "resolved": "https://registry.npmjs.org/popper.js/-/popper.js-1.16.1.tgz",
      "integrity": "sha512-Wb4p1J4zyFTbM+u6WuO4XstYx4Ky9Cewe4DWrel7B0w6VVICvPwdOpotjzcf6eD8TsckVnIMNONQyPIUFOUbCQ==",
      "peer": true
    },
    "primeicons": {
      "version": "5.0.0",
      "resolved": "https://registry.npmjs.org/primeicons/-/primeicons-5.0.0.tgz",
      "integrity": "sha512-heygWF0X5HFI1otlZE62pp6ye7sZ8om78J9au2BRkg8O7Y8AHTZ9qKMRzchZUHLe8zUAvdi6hZzzm9XxgwIExw==",
      "peer": true
    },
    "primeng": {
      "version": "14.0.1",
      "resolved": "https://registry.npmjs.org/primeng/-/primeng-14.0.1.tgz",
      "integrity": "sha512-FdSF+ySmBV3UsF/BqxVlfCW0U+3IYSG1QHx8W3YFOTY9vOiG6y29s8L4WUdiLjk45fUVVq0D82jnFbcgHKtc+Q==",
      "requires": {
        "tslib": "^2.3.0"
      }
    },
    "rxjs": {
      "version": "7.5.6",
      "resolved": "https://registry.npmjs.org/rxjs/-/rxjs-7.5.6.tgz",
      "integrity": "sha512-dnyv2/YsXhnm461G+R/Pe5bWP41Nm6LBXEYWI6eiFP4fiwx6WRI/CD0zbdVAudd9xwLEF2IDcKXLHit0FYjUzw==",
      "peer": true,
      "requires": {
        "tslib": "^2.1.0"
      }
    },
    "tslib": {
      "version": "2.4.0",
      "resolved": "https://registry.npmjs.org/tslib/-/tslib-2.4.0.tgz",
      "integrity": "sha512-d6xOpEDfsi2CZVlPQzGeux8XMwLT9hssAsaPYExaQMuYskwb+x1x7J371tWlbBdWHroy99KnVB6qIkUbs5X3UQ=="
    },
    "zone.js": {
      "version": "0.11.8",
      "resolved": "https://registry.npmjs.org/zone.js/-/zone.js-0.11.8.tgz",
      "integrity": "sha512-82bctBg2hKcEJ21humWIkXRlLBBmrc3nN7DFh5LGGhcyycO2S7FN8NmdvlcKaGFDNVL4/9kFLmwmInTavdJERA==",
      "peer": true,
      "requires": {
        "tslib": "^2.3.0"
      }
    }
  }
}
